
Microsoft Visual Studio Solution File, Format Version 12.00
# Visual Studio Version 17
VisualStudioVersion = 17.11.35222.181
MinimumVisualStudioVersion = 10.0.40219.1
Project("{FAE04EC0-301F-11D3-BF4B-00C04F79EFBC}") = "DecisionStructures", "DecisionStructures\DecisionStructures.csproj", "{D8E17D8B-7D33-476C-BB8E-6BC192C5AFAA}"
EndProject
Global
	GlobalSection(SolutionConfigurationPlatforms) = preSolution
		Debug|Any CPU = Debug|Any CPU
		Release|Any CPU = Release|Any CPU
	EndGlobalSection
	GlobalSection(ProjectConfigurationPlatforms) = postSolution
		{D8E17D8B-7D33-476C-BB8E-6BC192C5AFAA}.Debug|Any CPU.ActiveCfg = Debug|Any CPU
		{D8E17D8B-7D33-476C-BB8E-6BC192C5AFAA}.Debug|Any CPU.Build.0 = Debug|Any CPU
		{D8E17D8B-7D33-476C-BB8E-6BC192C5AFAA}.Release|Any CPU.ActiveCfg = Release|Any CPU
		{D8E17D8B-7D33-476C-BB8E-6BC192C5AFAA}.Release|Any CPU.Build.0 = Release|Any CPU
	EndGlobalSection
	GlobalSection(SolutionProperties) = preSolution
		HideSolutionNode = FALSE
	EndGlobalSection
	GlobalSection(ExtensibilityGlobals) = postSolution
		SolutionGuid = {3AE33983-7CD2-4C02-B122-AD6A797159E0}
	EndGlobalSection
EndGlobal
